
Microsoft Visual Studio Solution File, Format Version 12.00
Project("{FAE04EC0-301F-11D3-BF4B-00C04F79EFBC}") = "Homework16.WEB", "Homework16.WEB\Homework16.WEB.csproj", "{EE04AE24-3AA5-4C7A-B9CD-899CD89A6DFD}"
EndProject
Project("{FAE04EC0-301F-11D3-BF4B-00C04F79EFBC}") = "Homework16.Data", "Homework16.Data\Homework16.Data.csproj", "{3E723570-CD76-488B-895C-0D0477095441}"
EndProject
Project("{FAE04EC0-301F-11D3-BF4B-00C04F79EFBC}") = "Homework16.Domain", "Homework16.Domain\Homework16.Domain.csproj", "{DE58A859-0847-4EBE-9FDF-09F14C059BF1}"
EndProject
Global
	GlobalSection(SolutionConfigurationPlatforms) = preSolution
		Debug|Any CPU = Debug|Any CPU
		Release|Any CPU = Release|Any CPU
	EndGlobalSection
	GlobalSection(ProjectConfigurationPlatforms) = postSolution
		{EE04AE24-3AA5-4C7A-B9CD-899CD89A6DFD}.Debug|Any CPU.ActiveCfg = Debug|Any CPU
		{EE04AE24-3AA5-4C7A-B9CD-899CD89A6DFD}.Debug|Any CPU.Build.0 = Debug|Any CPU
		{EE04AE24-3AA5-4C7A-B9CD-899CD89A6DFD}.Release|Any CPU.ActiveCfg = Release|Any CPU
		{EE04AE24-3AA5-4C7A-B9CD-899CD89A6DFD}.Release|Any CPU.Build.0 = Release|Any CPU
		{3E723570-CD76-488B-895C-0D0477095441}.Debug|Any CPU.ActiveCfg = Debug|Any CPU
		{3E723570-CD76-488B-895C-0D0477095441}.Debug|Any CPU.Build.0 = Debug|Any CPU
		{3E723570-CD76-488B-895C-0D0477095441}.Release|Any CPU.ActiveCfg = Release|Any CPU
		{3E723570-CD76-488B-895C-0D0477095441}.Release|Any CPU.Build.0 = Release|Any CPU
		{DE58A859-0847-4EBE-9FDF-09F14C059BF1}.Debug|Any CPU.ActiveCfg = Debug|Any CPU
		{DE58A859-0847-4EBE-9FDF-09F14C059BF1}.Debug|Any CPU.Build.0 = Debug|Any CPU
		{DE58A859-0847-4EBE-9FDF-09F14C059BF1}.Release|Any CPU.ActiveCfg = Release|Any CPU
		{DE58A859-0847-4EBE-9FDF-09F14C059BF1}.Release|Any CPU.Build.0 = Release|Any CPU
	EndGlobalSection
EndGlobal
