
Microsoft Visual Studio Solution File, Format Version 12.00
Project("{FAE04EC0-301F-11D3-BF4B-00C04F79EFBC}") = "Homework7", "Homework7\Homework7.csproj", "{207DFB69-EDDD-4228-9551-C70FA0E49C51}"
EndProject
Global
	GlobalSection(SolutionConfigurationPlatforms) = preSolution
		Debug|Any CPU = Debug|Any CPU
		Release|Any CPU = Release|Any CPU
	EndGlobalSection
	GlobalSection(ProjectConfigurationPlatforms) = postSolution
		{207DFB69-EDDD-4228-9551-C70FA0E49C51}.Debug|Any CPU.ActiveCfg = Debug|Any CPU
		{207DFB69-EDDD-4228-9551-C70FA0E49C51}.Debug|Any CPU.Build.0 = Debug|Any CPU
		{207DFB69-EDDD-4228-9551-C70FA0E49C51}.Release|Any CPU.ActiveCfg = Release|Any CPU
		{207DFB69-EDDD-4228-9551-C70FA0E49C51}.Release|Any CPU.Build.0 = Release|Any CPU
	EndGlobalSection
EndGlobal
